{
  "name": "OrcParserLambda",
  "lockfileVersion": 2,
  "requires": true,
  "packages": {
    "": {
      "dependencies": {
        "aws-cdk": "^1.203.0"
      }
    },
    "node_modules/aws-cdk": {
      "version": "1.203.0",
      "resolved": "https://registry.npmjs.org/aws-cdk/-/aws-cdk-1.203.0.tgz",
      "integrity": "sha512-9nghEa+JGzh7LEz2Yl2q4v+76Uf+Y4A4Pa38PSsNgI0jAwnBAz5NaC3MB4Tdzd5szSfQuS72u5Uuxh6Lz1H0ow==",
      "bin": {
        "cdk": "bin/cdk"
      },
      "engines": {
        "node": ">= 14.15.0"
      },
      "optionalDependencies": {
        "fsevents": "2.3.2"
      }
    },
    "node_modules/fsevents": {
      "version": "2.3.2",
      "resolved": "https://registry.npmjs.org/fsevents/-/fsevents-2.3.2.tgz",
      "integrity": "sha512-xiqMQR4xAeHTuB9uWm+fFRcIOgKBMiOBP+eXiyT7jsgVCq1bkVygt00oASowB7EdtpOHaaPgKt812P9ab+DDKA==",
      "hasInstallScript": true,
      "optional": true,
      "os": [
        "darwin"
      ],
      "engines": {
        "node": "^8.16.0 || ^10.6.0 || >=11.0.0"
      }
    }
  },
  "dependencies": {
    "aws-cdk": {
      "version": "1.203.0",
      "resolved": "https://registry.npmjs.org/aws-cdk/-/aws-cdk-1.203.0.tgz",
      "integrity": "sha512-9nghEa+JGzh7LEz2Yl2q4v+76Uf+Y4A4Pa38PSsNgI0jAwnBAz5NaC3MB4Tdzd5szSfQuS72u5Uuxh6Lz1H0ow==",
      "requires": {
        "fsevents": "2.3.2"
      }
    },
    "fsevents": {
      "version": "2.3.2",
      "resolved": "https://registry.npmjs.org/fsevents/-/fsevents-2.3.2.tgz",
      "integrity": "sha512-xiqMQR4xAeHTuB9uWm+fFRcIOgKBMiOBP+eXiyT7jsgVCq1bkVygt00oASowB7EdtpOHaaPgKt812P9ab+DDKA==",
      "optional": true
    }
  }
}
